
Microsoft Visual Studio Solution File, Format Version 12.00
# Visual Studio 2012
Project("{FAE04EC0-301F-11D3-BF4B-00C04F79EFBC}") = "Animation", "Animation\Animation.csproj", "{832BD877-5D27-4A32-A3A9-365C62544439}"
EndProject
Global
	GlobalSection(SolutionConfigurationPlatforms) = preSolution
		Debug|iPhoneSimulator = Debug|iPhoneSimulator
		Release|iPhone = Release|iPhone
		Release|iPhoneSimulator = Release|iPhoneSimulator
		Debug|iPhone = Debug|iPhone
	EndGlobalSection
	GlobalSection(ProjectConfigurationPlatforms) = postSolution
		{832BD877-5D27-4A32-A3A9-365C62544439}.Debug|iPhoneSimulator.ActiveCfg = Debug|iPhoneSimulator
		{832BD877-5D27-4A32-A3A9-365C62544439}.Debug|iPhoneSimulator.Build.0 = Debug|iPhoneSimulator
		{832BD877-5D27-4A32-A3A9-365C62544439}.Release|iPhone.ActiveCfg = Release|iPhone
		{832BD877-5D27-4A32-A3A9-365C62544439}.Release|iPhone.Build.0 = Release|iPhone
		{832BD877-5D27-4A32-A3A9-365C62544439}.Release|iPhoneSimulator.ActiveCfg = Release|iPhoneSimulator
		{832BD877-5D27-4A32-A3A9-365C62544439}.Release|iPhoneSimulator.Build.0 = Release|iPhoneSimulator
		{832BD877-5D27-4A32-A3A9-365C62544439}.Debug|iPhone.ActiveCfg = Debug|iPhone
		{832BD877-5D27-4A32-A3A9-365C62544439}.Debug|iPhone.Build.0 = Debug|iPhone
	EndGlobalSection
EndGlobal
